
Microsoft Visual Studio Solution File, Format Version 12.00
Project("{FAE04EC0-301F-11D3-BF4B-00C04F79EFBC}") = "WithoutSwaggerDocumentation.Api", "WithoutSwaggerDocumentation.Api\WithoutSwaggerDocumentation.Api.csproj", "{F6CC9AA6-47A9-4793-BAF4-93107EB767CF}"
EndProject
Global
	GlobalSection(SolutionConfigurationPlatforms) = preSolution
		Debug|Any CPU = Debug|Any CPU
		Release|Any CPU = Release|Any CPU
	EndGlobalSection
	GlobalSection(ProjectConfigurationPlatforms) = postSolution
		{F6CC9AA6-47A9-4793-BAF4-93107EB767CF}.Debug|Any CPU.ActiveCfg = Debug|Any CPU
		{F6CC9AA6-47A9-4793-BAF4-93107EB767CF}.Debug|Any CPU.Build.0 = Debug|Any CPU
		{F6CC9AA6-47A9-4793-BAF4-93107EB767CF}.Release|Any CPU.ActiveCfg = Release|Any CPU
		{F6CC9AA6-47A9-4793-BAF4-93107EB767CF}.Release|Any CPU.Build.0 = Release|Any CPU
	EndGlobalSection
EndGlobal
